
Microsoft Visual Studio Solution File, Format Version 12.00
# Visual Studio 15
VisualStudioVersion = 15.0.28010.2036
MinimumVisualStudioVersion = 10.0.40219.1
Project("{FAE04EC0-301F-11D3-BF4B-00C04F79EFBC}") = "AGameOfFaces", "AGameOfFaces\AGameOfFaces.csproj", "{E0A46FC7-CE1E-419E-AEA3-739EBA485E80}"
EndProject
Project("{FAE04EC0-301F-11D3-BF4B-00C04F79EFBC}") = "AGameOfFaces.Tests", "AGameOfFaces.Tests\AGameOfFaces.Tests.csproj", "{C514FC8E-C0FA-425D-B248-DECDB2A1ECBA}"
EndProject
Project("{2150E333-8FDC-42A3-9474-1A3956D46DE8}") = "Solution Items", "Solution Items", "{00E4DD66-BC16-4222-B361-D11486C80607}"
	ProjectSection(SolutionItems) = preProject
		README.md = README.md
	EndProjectSection
EndProject
Project("{FAE04EC0-301F-11D3-BF4B-00C04F79EFBC}") = "AGameOfFaces.Core", "AGameOfFaces.Core\AGameOfFaces.Core.csproj", "{D0B5C1B8-3723-4EE8-B3B7-BE172331838D}"
EndProject
Global
	GlobalSection(SolutionConfigurationPlatforms) = preSolution
		Debug|Any CPU = Debug|Any CPU
		Release|Any CPU = Release|Any CPU
	EndGlobalSection
	GlobalSection(ProjectConfigurationPlatforms) = postSolution
		{E0A46FC7-CE1E-419E-AEA3-739EBA485E80}.Debug|Any CPU.ActiveCfg = Debug|Any CPU
		{E0A46FC7-CE1E-419E-AEA3-739EBA485E80}.Debug|Any CPU.Build.0 = Debug|Any CPU
		{E0A46FC7-CE1E-419E-AEA3-739EBA485E80}.Release|Any CPU.ActiveCfg = Release|Any CPU
		{E0A46FC7-CE1E-419E-AEA3-739EBA485E80}.Release|Any CPU.Build.0 = Release|Any CPU
		{C514FC8E-C0FA-425D-B248-DECDB2A1ECBA}.Debug|Any CPU.ActiveCfg = Debug|Any CPU
		{C514FC8E-C0FA-425D-B248-DECDB2A1ECBA}.Debug|Any CPU.Build.0 = Debug|Any CPU
		{C514FC8E-C0FA-425D-B248-DECDB2A1ECBA}.Release|Any CPU.ActiveCfg = Release|Any CPU
		{C514FC8E-C0FA-425D-B248-DECDB2A1ECBA}.Release|Any CPU.Build.0 = Release|Any CPU
		{D0B5C1B8-3723-4EE8-B3B7-BE172331838D}.Debug|Any CPU.ActiveCfg = Debug|Any CPU
		{D0B5C1B8-3723-4EE8-B3B7-BE172331838D}.Debug|Any CPU.Build.0 = Debug|Any CPU
		{D0B5C1B8-3723-4EE8-B3B7-BE172331838D}.Release|Any CPU.ActiveCfg = Release|Any CPU
		{D0B5C1B8-3723-4EE8-B3B7-BE172331838D}.Release|Any CPU.Build.0 = Release|Any CPU
	EndGlobalSection
	GlobalSection(SolutionProperties) = preSolution
		HideSolutionNode = FALSE
	EndGlobalSection
	GlobalSection(ExtensibilityGlobals) = postSolution
		SolutionGuid = {21891C8B-EA50-4F5B-9141-699BA1725257}
	EndGlobalSection
EndGlobal
